
Microsoft Visual Studio Solution File, Format Version 12.00
# Visual Studio Version 17
VisualStudioVersion = 17.13.35931.197
MinimumVisualStudioVersion = 10.0.40219.1
Project("{8BC9CEB8-8B4A-11D0-8D11-00A0C91BC942}") = "Project1", "Project1\Project1.vcxproj", "{CDEB2BEC-BDEF-4571-BC94-A69D5D2290F0}"
EndProject
Project("{8BC9CEB8-8B4A-11D0-8D11-00A0C91BC942}") = "Project2", "Project2\Project2.vcxproj", "{0AEE44CC-39E2-4C8A-8F51-6B31AD294C29}"
EndProject
Global
	GlobalSection(SolutionConfigurationPlatforms) = preSolution
		Debug|x64 = Debug|x64
		Debug|x86 = Debug|x86
		Release|x64 = Release|x64
		Release|x86 = Release|x86
	EndGlobalSection
	GlobalSection(ProjectConfigurationPlatforms) = postSolution
		{CDEB2BEC-BDEF-4571-BC94-A69D5D2290F0}.Debug|x64.ActiveCfg = Debug|x64
		{CDEB2BEC-BDEF-4571-BC94-A69D5D2290F0}.Debug|x64.Build.0 = Debug|x64
		{CDEB2BEC-BDEF-4571-BC94-A69D5D2290F0}.Debug|x86.ActiveCfg = Debug|Win32
		{CDEB2BEC-BDEF-4571-BC94-A69D5D2290F0}.Debug|x86.Build.0 = Debug|Win32
		{CDEB2BEC-BDEF-4571-BC94-A69D5D2290F0}.Release|x64.ActiveCfg = Release|x64
		{CDEB2BEC-BDEF-4571-BC94-A69D5D2290F0}.Release|x64.Build.0 = Release|x64
		{CDEB2BEC-BDEF-4571-BC94-A69D5D2290F0}.Release|x86.ActiveCfg = Release|Win32
		{CDEB2BEC-BDEF-4571-BC94-A69D5D2290F0}.Release|x86.Build.0 = Release|Win32
		{0AEE44CC-39E2-4C8A-8F51-6B31AD294C29}.Debug|x64.ActiveCfg = Debug|x64
		{0AEE44CC-39E2-4C8A-8F51-6B31AD294C29}.Debug|x64.Build.0 = Debug|x64
		{0AEE44CC-39E2-4C8A-8F51-6B31AD294C29}.Debug|x86.ActiveCfg = Debug|Win32
		{0AEE44CC-39E2-4C8A-8F51-6B31AD294C29}.Debug|x86.Build.0 = Debug|Win32
		{0AEE44CC-39E2-4C8A-8F51-6B31AD294C29}.Release|x64.ActiveCfg = Release|x64
		{0AEE44CC-39E2-4C8A-8F51-6B31AD294C29}.Release|x64.Build.0 = Release|x64
		{0AEE44CC-39E2-4C8A-8F51-6B31AD294C29}.Release|x86.ActiveCfg = Release|Win32
		{0AEE44CC-39E2-4C8A-8F51-6B31AD294C29}.Release|x86.Build.0 = Release|Win32
	EndGlobalSection
	GlobalSection(SolutionProperties) = preSolution
		HideSolutionNode = FALSE
	EndGlobalSection
	GlobalSection(ExtensibilityGlobals) = postSolution
		SolutionGuid = {F741FA21-99A4-415A-A392-C7C7A7ACBE88}
	EndGlobalSection
EndGlobal
